
Microsoft Visual Studio Solution File, Format Version 12.00
# Visual Studio Version 17
VisualStudioVersion = 17.0.31903.59
MinimumVisualStudioVersion = 10.0.40219.1
Project("{2150E333-8FDC-42A3-9474-1A3956D46DE8}") = "src", "src", "{0B81E0B2-7DA7-4B03-95ED-38514A99E6FF}"
EndProject
Project("{FAE04EC0-301F-11D3-BF4B-00C04F79EFBC}") = "Foodieland.API", "src\Foodieland.API\Foodieland.API.csproj", "{2B772F3A-54FD-4576-9168-045F04C96142}"
EndProject
Project("{FAE04EC0-301F-11D3-BF4B-00C04F79EFBC}") = "Foodieland.Application", "src\Foodieland.Application\Foodieland.Application.csproj", "{E9FB0065-7CDE-43FD-B275-A4F4150A6999}"
EndProject
Project("{FAE04EC0-301F-11D3-BF4B-00C04F79EFBC}") = "Foodieland.Contracts", "src\Foodieland.Contracts\Foodieland.Contracts.csproj", "{F55F1BCE-9E3C-4AA3-B854-ECC5D6DB318A}"
EndProject
Project("{FAE04EC0-301F-11D3-BF4B-00C04F79EFBC}") = "Foodieland.Domain", "src\Foodieland.Domain\Foodieland.Domain.csproj", "{FD0E52E4-1085-4F68-957A-B56A67C592BE}"
EndProject
Project("{FAE04EC0-301F-11D3-BF4B-00C04F79EFBC}") = "Foodieland.Infrastructure", "src\Foodieland.Infrastructure\Foodieland.Infrastructure.csproj", "{2A6F2B8E-96B3-47C6-B2EC-C2C06B7D8154}"
EndProject
Project("{2150E333-8FDC-42A3-9474-1A3956D46DE8}") = "tests", "tests", "{7771B342-49CA-42CA-A33C-C2796306FB07}"
EndProject
Project("{2150E333-8FDC-42A3-9474-1A3956D46DE8}") = "UnitTests", "UnitTests", "{31E26A59-FEA1-46D3-A413-CF5C396FF60B}"
EndProject
Project("{FAE04EC0-301F-11D3-BF4B-00C04F79EFBC}") = "Foodieland.API.UnitTests", "tests\UnitTests\Foodieland.API.UnitTests\Foodieland.API.UnitTests.csproj", "{237A2D3D-1ED7-4FC9-9373-61B82CBFC099}"
EndProject
Project("{FAE04EC0-301F-11D3-BF4B-00C04F79EFBC}") = "Foodieland.Application.UnitTests", "tests\UnitTests\Foodieland.Application.UnitTests\Foodieland.Application.UnitTests.csproj", "{361A8095-AD68-4563-A6C5-FC83F3B0092C}"
EndProject
Project("{FAE04EC0-301F-11D3-BF4B-00C04F79EFBC}") = "Foodieland.Domain.UnitTests", "tests\UnitTests\Foodieland.Domain.UnitTests\Foodieland.Domain.UnitTests.csproj", "{2C289224-70AB-4947-A453-192D0714EF6F}"
EndProject
Project("{FAE04EC0-301F-11D3-BF4B-00C04F79EFBC}") = "Foodieland.Infrastructure.UnitTests", "tests\UnitTests\Foodieland.Infrastructure.UnitTests\Foodieland.Infrastructure.UnitTests.csproj", "{5E5E4B52-A67B-4453-AAE3-A39CB065AD80}"
EndProject
Global
	GlobalSection(SolutionConfigurationPlatforms) = preSolution
		Debug|Any CPU = Debug|Any CPU
		Release|Any CPU = Release|Any CPU
	EndGlobalSection
	GlobalSection(SolutionProperties) = preSolution
		HideSolutionNode = FALSE
	EndGlobalSection
	GlobalSection(ProjectConfigurationPlatforms) = postSolution
		{2B772F3A-54FD-4576-9168-045F04C96142}.Debug|Any CPU.ActiveCfg = Debug|Any CPU
		{2B772F3A-54FD-4576-9168-045F04C96142}.Debug|Any CPU.Build.0 = Debug|Any CPU
		{2B772F3A-54FD-4576-9168-045F04C96142}.Release|Any CPU.ActiveCfg = Release|Any CPU
		{2B772F3A-54FD-4576-9168-045F04C96142}.Release|Any CPU.Build.0 = Release|Any CPU
		{E9FB0065-7CDE-43FD-B275-A4F4150A6999}.Debug|Any CPU.ActiveCfg = Debug|Any CPU
		{E9FB0065-7CDE-43FD-B275-A4F4150A6999}.Debug|Any CPU.Build.0 = Debug|Any CPU
		{E9FB0065-7CDE-43FD-B275-A4F4150A6999}.Release|Any CPU.ActiveCfg = Release|Any CPU
		{E9FB0065-7CDE-43FD-B275-A4F4150A6999}.Release|Any CPU.Build.0 = Release|Any CPU
		{F55F1BCE-9E3C-4AA3-B854-ECC5D6DB318A}.Debug|Any CPU.ActiveCfg = Debug|Any CPU
		{F55F1BCE-9E3C-4AA3-B854-ECC5D6DB318A}.Debug|Any CPU.Build.0 = Debug|Any CPU
		{F55F1BCE-9E3C-4AA3-B854-ECC5D6DB318A}.Release|Any CPU.ActiveCfg = Release|Any CPU
		{F55F1BCE-9E3C-4AA3-B854-ECC5D6DB318A}.Release|Any CPU.Build.0 = Release|Any CPU
		{FD0E52E4-1085-4F68-957A-B56A67C592BE}.Debug|Any CPU.ActiveCfg = Debug|Any CPU
		{FD0E52E4-1085-4F68-957A-B56A67C592BE}.Debug|Any CPU.Build.0 = Debug|Any CPU
		{FD0E52E4-1085-4F68-957A-B56A67C592BE}.Release|Any CPU.ActiveCfg = Release|Any CPU
		{FD0E52E4-1085-4F68-957A-B56A67C592BE}.Release|Any CPU.Build.0 = Release|Any CPU
		{2A6F2B8E-96B3-47C6-B2EC-C2C06B7D8154}.Debug|Any CPU.ActiveCfg = Debug|Any CPU
		{2A6F2B8E-96B3-47C6-B2EC-C2C06B7D8154}.Debug|Any CPU.Build.0 = Debug|Any CPU
		{2A6F2B8E-96B3-47C6-B2EC-C2C06B7D8154}.Release|Any CPU.ActiveCfg = Release|Any CPU
		{2A6F2B8E-96B3-47C6-B2EC-C2C06B7D8154}.Release|Any CPU.Build.0 = Release|Any CPU
		{237A2D3D-1ED7-4FC9-9373-61B82CBFC099}.Debug|Any CPU.ActiveCfg = Debug|Any CPU
		{237A2D3D-1ED7-4FC9-9373-61B82CBFC099}.Debug|Any CPU.Build.0 = Debug|Any CPU
		{237A2D3D-1ED7-4FC9-9373-61B82CBFC099}.Release|Any CPU.ActiveCfg = Release|Any CPU
		{237A2D3D-1ED7-4FC9-9373-61B82CBFC099}.Release|Any CPU.Build.0 = Release|Any CPU
		{361A8095-AD68-4563-A6C5-FC83F3B0092C}.Debug|Any CPU.ActiveCfg = Debug|Any CPU
		{361A8095-AD68-4563-A6C5-FC83F3B0092C}.Debug|Any CPU.Build.0 = Debug|Any CPU
		{361A8095-AD68-4563-A6C5-FC83F3B0092C}.Release|Any CPU.ActiveCfg = Release|Any CPU
		{361A8095-AD68-4563-A6C5-FC83F3B0092C}.Release|Any CPU.Build.0 = Release|Any CPU
		{2C289224-70AB-4947-A453-192D0714EF6F}.Debug|Any CPU.ActiveCfg = Debug|Any CPU
		{2C289224-70AB-4947-A453-192D0714EF6F}.Debug|Any CPU.Build.0 = Debug|Any CPU
		{2C289224-70AB-4947-A453-192D0714EF6F}.Release|Any CPU.ActiveCfg = Release|Any CPU
		{2C289224-70AB-4947-A453-192D0714EF6F}.Release|Any CPU.Build.0 = Release|Any CPU
		{5E5E4B52-A67B-4453-AAE3-A39CB065AD80}.Debug|Any CPU.ActiveCfg = Debug|Any CPU
		{5E5E4B52-A67B-4453-AAE3-A39CB065AD80}.Debug|Any CPU.Build.0 = Debug|Any CPU
		{5E5E4B52-A67B-4453-AAE3-A39CB065AD80}.Release|Any CPU.ActiveCfg = Release|Any CPU
		{5E5E4B52-A67B-4453-AAE3-A39CB065AD80}.Release|Any CPU.Build.0 = Release|Any CPU
	EndGlobalSection
	GlobalSection(NestedProjects) = preSolution
		{2B772F3A-54FD-4576-9168-045F04C96142} = {0B81E0B2-7DA7-4B03-95ED-38514A99E6FF}
		{E9FB0065-7CDE-43FD-B275-A4F4150A6999} = {0B81E0B2-7DA7-4B03-95ED-38514A99E6FF}
		{F55F1BCE-9E3C-4AA3-B854-ECC5D6DB318A} = {0B81E0B2-7DA7-4B03-95ED-38514A99E6FF}
		{FD0E52E4-1085-4F68-957A-B56A67C592BE} = {0B81E0B2-7DA7-4B03-95ED-38514A99E6FF}
		{2A6F2B8E-96B3-47C6-B2EC-C2C06B7D8154} = {0B81E0B2-7DA7-4B03-95ED-38514A99E6FF}
		{31E26A59-FEA1-46D3-A413-CF5C396FF60B} = {7771B342-49CA-42CA-A33C-C2796306FB07}
		{237A2D3D-1ED7-4FC9-9373-61B82CBFC099} = {31E26A59-FEA1-46D3-A413-CF5C396FF60B}
		{361A8095-AD68-4563-A6C5-FC83F3B0092C} = {31E26A59-FEA1-46D3-A413-CF5C396FF60B}
		{2C289224-70AB-4947-A453-192D0714EF6F} = {31E26A59-FEA1-46D3-A413-CF5C396FF60B}
		{5E5E4B52-A67B-4453-AAE3-A39CB065AD80} = {31E26A59-FEA1-46D3-A413-CF5C396FF60B}
	EndGlobalSection
EndGlobal
