
Microsoft Visual Studio Solution File, Format Version 12.00
Project("{FAE04EC0-301F-11D3-BF4B-00C04F79EFBC}") = "Foodieland.API", "Foodieland.API\Foodieland.API.csproj", "{64E37A62-86D5-4203-8AD2-3B100887B031}"
EndProject
Global
	GlobalSection(SolutionConfigurationPlatforms) = preSolution
		Debug|Any CPU = Debug|Any CPU
		Release|Any CPU = Release|Any CPU
	EndGlobalSection
	GlobalSection(ProjectConfigurationPlatforms) = postSolution
		{64E37A62-86D5-4203-8AD2-3B100887B031}.Debug|Any CPU.ActiveCfg = Debug|Any CPU
		{64E37A62-86D5-4203-8AD2-3B100887B031}.Debug|Any CPU.Build.0 = Debug|Any CPU
		{64E37A62-86D5-4203-8AD2-3B100887B031}.Release|Any CPU.ActiveCfg = Release|Any CPU
		{64E37A62-86D5-4203-8AD2-3B100887B031}.Release|Any CPU.Build.0 = Release|Any CPU
	EndGlobalSection
EndGlobal
